
Microsoft Visual Studio Solution File, Format Version 12.00
# Visual Studio Version 17
VisualStudioVersion = 17.9.34728.123
MinimumVisualStudioVersion = 10.0.40219.1
Project("{FAE04EC0-301F-11D3-BF4B-00C04F79EFBC}") = "Lista1Ex7", "Lista1Ex7\Lista1Ex7.csproj", "{B1493C97-F534-433A-A8B6-50209A650815}"
EndProject
Global
	GlobalSection(SolutionConfigurationPlatforms) = preSolution
		Debug|Any CPU = Debug|Any CPU
		Release|Any CPU = Release|Any CPU
	EndGlobalSection
	GlobalSection(ProjectConfigurationPlatforms) = postSolution
		{B1493C97-F534-433A-A8B6-50209A650815}.Debug|Any CPU.ActiveCfg = Debug|Any CPU
		{B1493C97-F534-433A-A8B6-50209A650815}.Debug|Any CPU.Build.0 = Debug|Any CPU
		{B1493C97-F534-433A-A8B6-50209A650815}.Release|Any CPU.ActiveCfg = Release|Any CPU
		{B1493C97-F534-433A-A8B6-50209A650815}.Release|Any CPU.Build.0 = Release|Any CPU
	EndGlobalSection
	GlobalSection(SolutionProperties) = preSolution
		HideSolutionNode = FALSE
	EndGlobalSection
	GlobalSection(ExtensibilityGlobals) = postSolution
		SolutionGuid = {24E03A86-D39F-4191-9A9A-ED7C990ACC84}
	EndGlobalSection
EndGlobal
