
Microsoft Visual Studio Solution File, Format Version 12.00
# Visual Studio Version 17
VisualStudioVersion = 17.9.34728.123
MinimumVisualStudioVersion = 10.0.40219.1
Project("{FAE04EC0-301F-11D3-BF4B-00C04F79EFBC}") = "Lista1Ex1", "Lista1Ex1\Lista1Ex1.csproj", "{ACF407B1-1D38-4826-9EB1-E7AB0F100A98}"
EndProject
Global
	GlobalSection(SolutionConfigurationPlatforms) = preSolution
		Debug|Any CPU = Debug|Any CPU
		Release|Any CPU = Release|Any CPU
	EndGlobalSection
	GlobalSection(ProjectConfigurationPlatforms) = postSolution
		{ACF407B1-1D38-4826-9EB1-E7AB0F100A98}.Debug|Any CPU.ActiveCfg = Debug|Any CPU
		{ACF407B1-1D38-4826-9EB1-E7AB0F100A98}.Debug|Any CPU.Build.0 = Debug|Any CPU
		{ACF407B1-1D38-4826-9EB1-E7AB0F100A98}.Release|Any CPU.ActiveCfg = Release|Any CPU
		{ACF407B1-1D38-4826-9EB1-E7AB0F100A98}.Release|Any CPU.Build.0 = Release|Any CPU
	EndGlobalSection
	GlobalSection(SolutionProperties) = preSolution
		HideSolutionNode = FALSE
	EndGlobalSection
	GlobalSection(ExtensibilityGlobals) = postSolution
		SolutionGuid = {179612CE-5A06-4AD7-B8A3-E76E2A14FC77}
	EndGlobalSection
EndGlobal
